
Microsoft Visual Studio Solution File, Format Version 12.00
# Visual Studio 15
VisualStudioVersion = 15.0.27428.2002
MinimumVisualStudioVersion = 10.0.40219.1
Project("{8BC9CEB8-8B4A-11D0-8D11-00A0C91BC942}") = "Mod8Less3Home", "Mod8Less3Home\Mod8Less3Home.vcxproj", "{AF12ABBE-7FDA-40BB-8FC9-9DD138E8C442}"
EndProject
Global
	GlobalSection(SolutionConfigurationPlatforms) = preSolution
		Debug|x64 = Debug|x64
		Debug|x86 = Debug|x86
		Release|x64 = Release|x64
		Release|x86 = Release|x86
	EndGlobalSection
	GlobalSection(ProjectConfigurationPlatforms) = postSolution
		{AF12ABBE-7FDA-40BB-8FC9-9DD138E8C442}.Debug|x64.ActiveCfg = Debug|x64
		{AF12ABBE-7FDA-40BB-8FC9-9DD138E8C442}.Debug|x64.Build.0 = Debug|x64
		{AF12ABBE-7FDA-40BB-8FC9-9DD138E8C442}.Debug|x86.ActiveCfg = Debug|Win32
		{AF12ABBE-7FDA-40BB-8FC9-9DD138E8C442}.Debug|x86.Build.0 = Debug|Win32
		{AF12ABBE-7FDA-40BB-8FC9-9DD138E8C442}.Release|x64.ActiveCfg = Release|x64
		{AF12ABBE-7FDA-40BB-8FC9-9DD138E8C442}.Release|x64.Build.0 = Release|x64
		{AF12ABBE-7FDA-40BB-8FC9-9DD138E8C442}.Release|x86.ActiveCfg = Release|Win32
		{AF12ABBE-7FDA-40BB-8FC9-9DD138E8C442}.Release|x86.Build.0 = Release|Win32
	EndGlobalSection
	GlobalSection(SolutionProperties) = preSolution
		HideSolutionNode = FALSE
	EndGlobalSection
	GlobalSection(ExtensibilityGlobals) = postSolution
		SolutionGuid = {92962120-58DC-4F18-96DD-F7E1BA91885F}
	EndGlobalSection
EndGlobal
